
Microsoft Visual Studio Solution File, Format Version 12.00
# Visual Studio Version 17
VisualStudioVersion = 17.10.34928.147
MinimumVisualStudioVersion = 10.0.40219.1
Project("{FAE04EC0-301F-11D3-BF4B-00C04F79EFBC}") = "BuiTienThinh_22102363", "BuiTienThinh_22102363.csproj", "{0A0B2ACB-7475-4309-9091-242B2AB9ABDE}"
EndProject
Global
	GlobalSection(SolutionConfigurationPlatforms) = preSolution
		Debug|Any CPU = Debug|Any CPU
		Release|Any CPU = Release|Any CPU
	EndGlobalSection
	GlobalSection(ProjectConfigurationPlatforms) = postSolution
		{0A0B2ACB-7475-4309-9091-242B2AB9ABDE}.Debug|Any CPU.ActiveCfg = Debug|Any CPU
		{0A0B2ACB-7475-4309-9091-242B2AB9ABDE}.Debug|Any CPU.Build.0 = Debug|Any CPU
		{0A0B2ACB-7475-4309-9091-242B2AB9ABDE}.Release|Any CPU.ActiveCfg = Release|Any CPU
		{0A0B2ACB-7475-4309-9091-242B2AB9ABDE}.Release|Any CPU.Build.0 = Release|Any CPU
	EndGlobalSection
	GlobalSection(SolutionProperties) = preSolution
		HideSolutionNode = FALSE
	EndGlobalSection
	GlobalSection(ExtensibilityGlobals) = postSolution
		SolutionGuid = {AB81E30B-A0FC-44C2-8579-341DB2C6F586}
	EndGlobalSection
EndGlobal
